<?xml version="1.0" encoding="UTF-8" standalone="yes" ?>
<CodeBlocks_project_file>
	<FileVersion major="1" minor="6" />
	<Project>
		<Option title="pim" />
		<Option pch_mode="2" />
		<Option compiler="gcc" />
		<Build>
			<Target title="Debug">
				<Option output="bin/Debug/pim" prefix_auto="1" extension_auto="1" />
				<Option object_output="obj/Debug/" />
				<Option type="1" />
				<Option compiler="gcc" />
				<Compiler>
					<Add option="-g" />
				</Compiler>
			</Target>
			<Target title="Release">
				<Option output="bin/Release/pim" prefix_auto="1" extension_auto="1" />
				<Option object_output="obj/Release/" />
				<Option type="1" />
				<Option compiler="gcc" />
				<Compiler>
					<Add option="-O2" />
				</Compiler>
				<Linker>
					<Add option="-s" />
				</Linker>
			</Target>
		</Build>
		<Compiler>
			<Add option="-Wall" />
			<Add option="-finput-charset=windows-1252 -fexec-charset=windows-1252" />
		</Compiler>
		<Unit filename="gerenciamentoDeFornecedores/cadastrarFornecedor.h">
			<Option target="&lt;{~None~}&gt;" />
		</Unit>
		<Unit filename="gerenciamentoDeFornecedores/editarFornecedor.h">
			<Option target="&lt;{~None~}&gt;" />
		</Unit>
		<Unit filename="gerenciamentoDeFornecedores/listarFornecedores.h">
			<Option target="&lt;{~None~}&gt;" />
		</Unit>
		<Unit filename="gerenciamentoDeFornecedores/menuGereFornecedores.h" />
		<Unit filename="gerenciamentoDeFuncionarios/cadastrarFuncionarios.h">
			<Option target="&lt;{~None~}&gt;" />
		</Unit>
		<Unit filename="gerenciamentoDeFuncionarios/editarFuncionario.h">
			<Option target="&lt;{~None~}&gt;" />
		</Unit>
		<Unit filename="gerenciamentoDeFuncionarios/listarFuncionarios.h">
			<Option target="&lt;{~None~}&gt;" />
		</Unit>
		<Unit filename="gerenciamentoDeFuncionarios/menuGereFuncionarios.h">
			<Option target="&lt;{~None~}&gt;" />
		</Unit>
		<Unit filename="gerenciamentoDeProdutos/cadastrarProduto.h">
			<Option target="&lt;{~None~}&gt;" />
		</Unit>
		<Unit filename="gerenciamentoDeProdutos/deletarProduto.h">
			<Option target="&lt;{~None~}&gt;" />
		</Unit>
		<Unit filename="gerenciamentoDeProdutos/editarProduto.h">
			<Option target="&lt;{~None~}&gt;" />
		</Unit>
		<Unit filename="gerenciamentoDeProdutos/listarProdutos.h">
			<Option target="&lt;{~None~}&gt;" />
		</Unit>
		<Unit filename="gerenciamentoDeProdutos/menuGereProduto.h" />
		<Unit filename="gerenciamentoDeVendas/cadastrarVenda.h">
			<Option target="&lt;{~None~}&gt;" />
		</Unit>
		<Unit filename="gerenciamentoDeVendas/cancelarVenda.h">
			<Option target="&lt;{~None~}&gt;" />
		</Unit>
		<Unit filename="gerenciamentoDeVendas/menuGereVendas.h" />
		<Unit filename="gerenciamentoDeVendas/relatorioVendas.h">
			<Option target="&lt;{~None~}&gt;" />
		</Unit>
		<Unit filename="gerenciamentoDeVendas/vendas.h" />
		<Unit filename="login/menuLogin.h">
			<Option target="&lt;{~None~}&gt;" />
		</Unit>
		<Unit filename="main.c">
			<Option compilerVar="CC" />
		</Unit>
		<Unit filename="menuPrincipal/menu.h" />
		<Extensions>
			<lib_finder disable_auto="1" />
		</Extensions>
	</Project>
</CodeBlocks_project_file>
